
Microsoft Visual Studio Solution File, Format Version 12.00
# Visual Studio Version 17
VisualStudioVersion = 17.5.002.0
MinimumVisualStudioVersion = 10.0.40219.1
Project("{9A19103F-16F7-4668-BE54-9A1E7A4F7556}") = "GrupparbetePolisen1984", "GrupparbetePolisen1984.csproj", "{ED133645-DF89-41FE-B9AF-E462E8512DCF}"
EndProject
Global
	GlobalSection(SolutionConfigurationPlatforms) = preSolution
		Debug|Any CPU = Debug|Any CPU
		Release|Any CPU = Release|Any CPU
	EndGlobalSection
	GlobalSection(ProjectConfigurationPlatforms) = postSolution
		{ED133645-DF89-41FE-B9AF-E462E8512DCF}.Debug|Any CPU.ActiveCfg = Debug|Any CPU
		{ED133645-DF89-41FE-B9AF-E462E8512DCF}.Debug|Any CPU.Build.0 = Debug|Any CPU
		{ED133645-DF89-41FE-B9AF-E462E8512DCF}.Release|Any CPU.ActiveCfg = Release|Any CPU
		{ED133645-DF89-41FE-B9AF-E462E8512DCF}.Release|Any CPU.Build.0 = Release|Any CPU
	EndGlobalSection
	GlobalSection(SolutionProperties) = preSolution
		HideSolutionNode = FALSE
	EndGlobalSection
	GlobalSection(ExtensibilityGlobals) = postSolution
		SolutionGuid = {DFBD7FD4-13EF-4AA3-82D2-04E30E2F1691}
	EndGlobalSection
EndGlobal
